Microsoft Visual Studio Solution File, Format Version 12.00
# Visual Studio Version 17
VisualStudioVersion = 17.5.2.0
MinimumVisualStudioVersion = 10.0.40219.1
Project("{FAE04EC0-301F-11D3-BF4B-00C04F79EFBC}") = "iftspoo", "iftspoo.csproj", "{3902673E-0C30-0337-E826-85DF19E8D604}"
EndProject
Global
	GlobalSection(SolutionConfigurationPlatforms) = preSolution
		Debug|Any CPU = Debug|Any CPU
		Release|Any CPU = Release|Any CPU
	EndGlobalSection
	GlobalSection(ProjectConfigurationPlatforms) = postSolution
		{3902673E-0C30-0337-E826-85DF19E8D604}.Debug|Any CPU.ActiveCfg = Debug|Any CPU
		{3902673E-0C30-0337-E826-85DF19E8D604}.Debug|Any CPU.Build.0 = Debug|Any CPU
		{3902673E-0C30-0337-E826-85DF19E8D604}.Release|Any CPU.ActiveCfg = Release|Any CPU
		{3902673E-0C30-0337-E826-85DF19E8D604}.Release|Any CPU.Build.0 = Release|Any CPU
	EndGlobalSection
	GlobalSection(SolutionProperties) = preSolution
		HideSolutionNode = FALSE
	EndGlobalSection
	GlobalSection(ExtensibilityGlobals) = postSolution
		SolutionGuid = {748CDC58-79FE-4B18-836E-546737BCECCB}
	EndGlobalSection
EndGlobal
